
Microsoft Visual Studio Solution File, Format Version 12.00
# Visual Studio Version 17
VisualStudioVersion = 17.4.33205.214
MinimumVisualStudioVersion = 10.0.40219.1
Project("{FAE04EC0-301F-11D3-BF4B-00C04F79EFBC}") = "htttp", "htttp\htttp.csproj", "{D882BE66-3FE2-4240-8949-88EB88BFC577}"
EndProject
Global
	GlobalSection(SolutionConfigurationPlatforms) = preSolution
		Debug|Any CPU = Debug|Any CPU
		Release|Any CPU = Release|Any CPU
	EndGlobalSection
	GlobalSection(ProjectConfigurationPlatforms) = postSolution
		{D882BE66-3FE2-4240-8949-88EB88BFC577}.Debug|Any CPU.ActiveCfg = Debug|Any CPU
		{D882BE66-3FE2-4240-8949-88EB88BFC577}.Debug|Any CPU.Build.0 = Debug|Any CPU
		{D882BE66-3FE2-4240-8949-88EB88BFC577}.Release|Any CPU.ActiveCfg = Release|Any CPU
		{D882BE66-3FE2-4240-8949-88EB88BFC577}.Release|Any CPU.Build.0 = Release|Any CPU
	EndGlobalSection
	GlobalSection(SolutionProperties) = preSolution
		HideSolutionNode = FALSE
	EndGlobalSection
	GlobalSection(ExtensibilityGlobals) = postSolution
		SolutionGuid = {EE995587-4AA0-4974-AAC1-DD92546EE09E}
	EndGlobalSection
EndGlobal
